{
  "nodes": {
    "hyprland": {
      "inputs": {
        "nixpkgs": [
          "nixpkgs"
        ],
        "wlroots": "wlroots"
      },
      "locked": {
        "lastModified": 1668612936,
        "narHash": "sha256-C5p+LpueYK9tI3F+7hKBVjYxn7gk2kW4kxe/jasIbuk=",
        "owner": "hyprwm",
        "repo": "Hyprland",
        "rev": "c02bfc3897137439596df4670cef2441d24c8367",
        "type": "github"
      },
      "original": {
        "owner": "hyprwm",
        "repo": "Hyprland",
        "type": "github"
      }
    },
    "myRepo": {
      "inputs": {
        "nixpkgs": [
          "nixpkgs"
        ]
      },
      "locked": {
        "lastModified": 1668270509,
        "narHash": "sha256-QY9rZuEqvDkBodilPGOUjawO8Iv2b5aOYQVXV+CZcNI=",
        "owner": "huantian1234",
        "repo": "myNUR",
        "rev": "e9730b4bdcc27a39f41b3d985d2c532027e703c4",
        "type": "github"
      },
      "original": {
        "owner": "huantian1234",
        "repo": "myNUR",
        "type": "github"
      }
    },
    "nixpkgs": {
      "locked": {
        "lastModified": 1668505710,
        "narHash": "sha256-DulcfsGjpSXL9Ma0iQIsb3HRbARCDcA+CNH67pPyMQ0=",
        "owner": "nixos",
        "repo": "nixpkgs",
        "rev": "85d6b3990def7eef45f4502a82496de02a02b6e8",
        "type": "github"
      },
      "original": {
        "owner": "nixos",
        "ref": "nixos-unstable",
        "repo": "nixpkgs",
        "type": "github"
      }
    },
    "root": {
      "inputs": {
        "hyprland": "hyprland",
        "myRepo": "myRepo",
        "nixpkgs": "nixpkgs"
      }
    },
    "wlroots": {
      "flake": false,
      "locked": {
        "host": "gitlab.freedesktop.org",
        "lastModified": 1668292512,
        "narHash": "sha256-lCMnIguyZgAGq7W2IwIVPoQS8fAfZ/XFwz/1TQ53eI8=",
        "owner": "wlroots",
        "repo": "wlroots",
        "rev": "627a5c511278e67c3c308cdc6a639cbb490f48c3",
        "type": "gitlab"
      },
      "original": {
        "host": "gitlab.freedesktop.org",
        "owner": "wlroots",
        "repo": "wlroots",
        "type": "gitlab"
      }
    }
  },
  "root": "root",
  "version": 7
}
